// !$*UTF8*$!
{
	archiveVersion = 1;
	classes = {
	};
	objectVersion = 56;
	objects = {

/* Begin PBXBuildFile section */
		61F6CEAB2B8945AE00691ACC /* PlaceAnnotation.swift in Sources */ = {isa = PBXBuildFile; fileRef = 61F6CEAA2B8945AE00691ACC /* PlaceAnnotation.swift */; };
		61F6CEAE2B89478500691ACC /* CLLocation+Extensions.swift in Sources */ = {isa = PBXBuildFile; fileRef = 61F6CEAD2B89478500691ACC /* CLLocation+Extensions.swift */; };
		61F6CEB12B894A5300691ACC /* PlacesTableViewController.swift in Sources */ = {isa = PBXBuildFile; fileRef = 61F6CEB02B894A5300691ACC /* PlacesTableViewController.swift */; };
		61F6CEB32B8965BE00691ACC /* PlaceDetailViewController.swift in Sources */ = {isa = PBXBuildFile; fileRef = 61F6CEB22B8965BE00691ACC /* PlaceDetailViewController.swift */; };
		61F6CEB52B8972E500691ACC /* String+Extensions.swift in Sources */ = {isa = PBXBuildFile; fileRef = 61F6CEB42B8972E500691ACC /* String+Extensions.swift */; };
		F7823AE02B7EA32100A0C806 /* AppDelegate.swift in Sources */ = {isa = PBXBuildFile; fileRef = F7823ADF2B7EA32100A0C806 /* AppDelegate.swift */; };
		F7823AE22B7EA32100A0C806 /* SceneDelegate.swift in Sources */ = {isa = PBXBuildFile; fileRef = F7823AE12B7EA32100A0C806 /* SceneDelegate.swift */; };
		F7823AE42B7EA32100A0C806 /* ViewController.swift in Sources */ = {isa = PBXBuildFile; fileRef = F7823AE32B7EA32100A0C806 /* ViewController.swift */; };
		F7823AE72B7EA32100A0C806 /* Main.storyboard in Resources */ = {isa = PBXBuildFile; fileRef = F7823AE52B7EA32100A0C806 /* Main.storyboard */; };
		F7823AE92B7EA32500A0C806 /* Assets.xcassets in Resources */ = {isa = PBXBuildFile; fileRef = F7823AE82B7EA32500A0C806 /* Assets.xcassets */; };
		F7823AEC2B7EA32500A0C806 /* LaunchScreen.storyboard in Resources */ = {isa = PBXBuildFile; fileRef = F7823AEA2B7EA32500A0C806 /* LaunchScreen.storyboard */; };
		F78B80C42B8364FB00E33E19 /* nearbyappDB.db in Resources */ = {isa = PBXBuildFile; fileRef = F78B80C32B8364FB00E33E19 /* nearbyappDB.db */; };
		F78B80C62B83652D00E33E19 /* DBHandler.swift in Sources */ = {isa = PBXBuildFile; fileRef = F78B80C52B83652D00E33E19 /* DBHandler.swift */; };
		F78B80C82B83667500E33E19 /* RegisterViewController.swift in Sources */ = {isa = PBXBuildFile; fileRef = F78B80C72B83667500E33E19 /* RegisterViewController.swift */; };
		F78B80CA2B836B4F00E33E19 /* entities.swift in Sources */ = {isa = PBXBuildFile; fileRef = F78B80C92B836B4F00E33E19 /* entities.swift */; };
		F7A083492B81348F00EDB7B5 /* LoginViewController.swift in Sources */ = {isa = PBXBuildFile; fileRef = F7A083482B81348F00EDB7B5 /* LoginViewController.swift */; };
		F7A0834B2B8135BF00EDB7B5 /* SignupViewController.swift in Sources */ = {isa = PBXBuildFile; fileRef = F7A0834A2B8135BF00EDB7B5 /* SignupViewController.swift */; };
		F7A083502B81385500EDB7B5 /* FirebaseAuth in Frameworks */ = {isa = PBXBuildFile; productRef = F7A0834F2B81385500EDB7B5 /* FirebaseAuth */; };
		F7A083522B81402600EDB7B5 /* GoogleService-Info.plist in Resources */ = {isa = PBXBuildFile; fileRef = F7A083512B81402500EDB7B5 /* GoogleService-Info.plist */; };
/* End PBXBuildFile section */

/* Begin PBXFileReference section */
		61F6CEAA2B8945AE00691ACC /* PlaceAnnotation.swift */ = {isa = PBXFileReference; lastKnownFileType = sourcecode.swift; path = PlaceAnnotation.swift; sourceTree = "<group>"; };
		61F6CEAD2B89478500691ACC /* CLLocation+Extensions.swift */ = {isa = PBXFileReference; lastKnownFileType = sourcecode.swift; path = "CLLocation+Extensions.swift"; sourceTree = "<group>"; };
		61F6CEB02B894A5300691ACC /* PlacesTableViewController.swift */ = {isa = PBXFileReference; lastKnownFileType = sourcecode.swift; path = PlacesTableViewController.swift; sourceTree = "<group>"; };
		61F6CEB22B8965BE00691ACC /* PlaceDetailViewController.swift */ = {isa = PBXFileReference; lastKnownFileType = sourcecode.swift; path = PlaceDetailViewController.swift; sourceTree = "<group>"; };
		61F6CEB42B8972E500691ACC /* String+Extensions.swift */ = {isa = PBXFileReference; lastKnownFileType = sourcecode.swift; path = "String+Extensions.swift"; sourceTree = "<group>"; };
		F7823ADC2B7EA32100A0C806 /* NearbyExplorerApp.app */ = {isa = PBXFileReference; explicitFileType = wrapper.application; includeInIndex = 0; path = NearbyExplorerApp.app; sourceTree = BUILT_PRODUCTS_DIR; };
		F7823ADF2B7EA32100A0C806 /* AppDelegate.swift */ = {isa = PBXFileReference; lastKnownFileType = sourcecode.swift; path = AppDelegate.swift; sourceTree = "<group>"; };
		F7823AE12B7EA32100A0C806 /* SceneDelegate.swift */ = {isa = PBXFileReference; lastKnownFileType = sourcecode.swift; path = SceneDelegate.swift; sourceTree = "<group>"; };
		F7823AE32B7EA32100A0C806 /* ViewController.swift */ = {isa = PBXFileReference; lastKnownFileType = sourcecode.swift; path = ViewController.swift; sourceTree = "<group>"; };
		F7823AE62B7EA32100A0C806 /* Base */ = {isa = PBXFileReference; lastKnownFileType = file.storyboard; name = Base; path = Base.lproj/Main.storyboard; sourceTree = "<group>"; };
		F7823AE82B7EA32500A0C806 /* Assets.xcassets */ = {isa = PBXFileReference; lastKnownFileType = folder.assetcatalog; path = Assets.xcassets; sourceTree = "<group>"; };
		F7823AEB2B7EA32500A0C806 /* Base */ = {isa = PBXFileReference; lastKnownFileType = file.storyboard; name = Base; path = Base.lproj/LaunchScreen.storyboard; sourceTree = "<group>"; };
		F7823AED2B7EA32500A0C806 /* Info.plist */ = {isa = PBXFileReference; lastKnownFileType = text.plist.xml; path = Info.plist; sourceTree = "<group>"; };
		F78B80C32B8364FB00E33E19 /* nearbyappDB.db */ = {isa = PBXFileReference; lastKnownFileType = file; path = nearbyappDB.db; sourceTree = "<group>"; };
		F78B80C52B83652D00E33E19 /* DBHandler.swift */ = {isa = PBXFileReference; lastKnownFileType = sourcecode.swift; path = DBHandler.swift; sourceTree = "<group>"; };
		F78B80C72B83667500E33E19 /* RegisterViewController.swift */ = {isa = PBXFileReference; lastKnownFileType = sourcecode.swift; path = RegisterViewController.swift; sourceTree = "<group>"; };
		F78B80C92B836B4F00E33E19 /* entities.swift */ = {isa = PBXFileReference; lastKnownFileType = sourcecode.swift; path = entities.swift; sourceTree = "<group>"; };
		F7A083482B81348F00EDB7B5 /* LoginViewController.swift */ = {isa = PBXFileReference; lastKnownFileType = sourcecode.swift; path = LoginViewController.swift; sourceTree = "<group>"; };
		F7A0834A2B8135BF00EDB7B5 /* SignupViewController.swift */ = {isa = PBXFileReference; lastKnownFileType = sourcecode.swift; path = SignupViewController.swift; sourceTree = "<group>"; };
		F7A083512B81402500EDB7B5 /* GoogleService-Info.plist */ = {isa = PBXFileReference; fileEncoding = 4; lastKnownFileType = text.plist.xml; path = "GoogleService-Info.plist"; sourceTree = "<group>"; };
/* End PBXFileReference section */

/* Begin PBXFrameworksBuildPhase section */
		F7823AD92B7EA32100A0C806 /* Frameworks */ = {
			isa = PBXFrameworksBuildPhase;
			buildActionMask = 2147483647;
			files = (
				F7A083502B81385500EDB7B5 /* FirebaseAuth in Frameworks */,
			);
			runOnlyForDeploymentPostprocessing = 0;
		};
/* End PBXFrameworksBuildPhase section */

/* Begin PBXGroup section */
		61F6CEA92B89458D00691ACC /* Annotations */ = {
			isa = PBXGroup;
			children = (
				61F6CEAA2B8945AE00691ACC /* PlaceAnnotation.swift */,
			);
			path = Annotations;
			sourceTree = "<group>";
		};
		61F6CEAC2B89476300691ACC /* Extensions */ = {
			isa = PBXGroup;
			children = (
				61F6CEAD2B89478500691ACC /* CLLocation+Extensions.swift */,
				61F6CEB42B8972E500691ACC /* String+Extensions.swift */,
			);
			path = Extensions;
			sourceTree = "<group>";
		};
		61F6CEAF2B894A2E00691ACC /* Controllers */ = {
			isa = PBXGroup;
			children = (
				61F6CEB02B894A5300691ACC /* PlacesTableViewController.swift */,
				61F6CEB22B8965BE00691ACC /* PlaceDetailViewController.swift */,
			);
			path = Controllers;
			sourceTree = "<group>";
		};
		F7823AD32B7EA32100A0C806 = {
			isa = PBXGroup;
			children = (
				F7823ADE2B7EA32100A0C806 /* NearbyExplorerApp */,
				F7823ADD2B7EA32100A0C806 /* Products */,
			);
			sourceTree = "<group>";
		};
		F7823ADD2B7EA32100A0C806 /* Products */ = {
			isa = PBXGroup;
			children = (
				F7823ADC2B7EA32100A0C806 /* NearbyExplorerApp.app */,
			);
			name = Products;
			sourceTree = "<group>";
		};
		F7823ADE2B7EA32100A0C806 /* NearbyExplorerApp */ = {
			isa = PBXGroup;
			children = (
				61F6CEAF2B894A2E00691ACC /* Controllers */,
				61F6CEAC2B89476300691ACC /* Extensions */,
				61F6CEA92B89458D00691ACC /* Annotations */,
				F78B80C52B83652D00E33E19 /* DBHandler.swift */,
				F78B80C32B8364FB00E33E19 /* nearbyappDB.db */,
				F7823ADF2B7EA32100A0C806 /* AppDelegate.swift */,
				F7823AE12B7EA32100A0C806 /* SceneDelegate.swift */,
				F7823AE32B7EA32100A0C806 /* ViewController.swift */,
				F7823AE52B7EA32100A0C806 /* Main.storyboard */,
				F7A0834A2B8135BF00EDB7B5 /* SignupViewController.swift */,
				F7A083482B81348F00EDB7B5 /* LoginViewController.swift */,
				F7823AE82B7EA32500A0C806 /* Assets.xcassets */,
				F7823AEA2B7EA32500A0C806 /* LaunchScreen.storyboard */,
				F7823AED2B7EA32500A0C806 /* Info.plist */,
				F7A083512B81402500EDB7B5 /* GoogleService-Info.plist */,
				F78B80C72B83667500E33E19 /* RegisterViewController.swift */,
				F78B80C92B836B4F00E33E19 /* entities.swift */,
			);
			path = NearbyExplorerApp;
			sourceTree = "<group>";
		};
/* End PBXGroup section */

/* Begin PBXNativeTarget section */
		F7823ADB2B7EA32100A0C806 /* NearbyExplorerApp */ = {
			isa = PBXNativeTarget;
			buildConfigurationList = F7823AF02B7EA32500A0C806 /* Build configuration list for PBXNativeTarget "NearbyExplorerApp" */;
			buildPhases = (
				F7823AD82B7EA32100A0C806 /* Sources */,
				F7823AD92B7EA32100A0C806 /* Frameworks */,
				F7823ADA2B7EA32100A0C806 /* Resources */,
			);
			buildRules = (
			);
			dependencies = (
			);
			name = NearbyExplorerApp;
			packageProductDependencies = (
				F7A0834F2B81385500EDB7B5 /* FirebaseAuth */,
			);
			productName = NearbyExplorerApp;
			productReference = F7823ADC2B7EA32100A0C806 /* NearbyExplorerApp.app */;
			productType = "com.apple.product-type.application";
		};
/* End PBXNativeTarget section */

/* Begin PBXProject section */
		F7823AD42B7EA32100A0C806 /* Project object */ = {
			isa = PBXProject;
			attributes = {
				BuildIndependentTargetsInParallel = 1;
				LastSwiftUpdateCheck = 1430;
				LastUpgradeCheck = 1430;
				TargetAttributes = {
					F7823ADB2B7EA32100A0C806 = {
						CreatedOnToolsVersion = 14.3;
					};
				};
			};
			buildConfigurationList = F7823AD72B7EA32100A0C806 /* Build configuration list for PBXProject "NearbyExplorerApp" */;
			compatibilityVersion = "Xcode 14.0";
			developmentRegion = en;
			hasScannedForEncodings = 0;
			knownRegions = (
				en,
				Base,
			);
			mainGroup = F7823AD32B7EA32100A0C806;
			packageReferences = (
				F7A0834E2B81385500EDB7B5 /* XCRemoteSwiftPackageReference "firebase-ios-sdk" */,
			);
			productRefGroup = F7823ADD2B7EA32100A0C806 /* Products */;
			projectDirPath = "";
			projectRoot = "";
			targets = (
				F7823ADB2B7EA32100A0C806 /* NearbyExplorerApp */,
			);
		};
/* End PBXProject section */

/* Begin PBXResourcesBuildPhase section */
		F7823ADA2B7EA32100A0C806 /* Resources */ = {
			isa = PBXResourcesBuildPhase;
			buildActionMask = 2147483647;
			files = (
				F7823AEC2B7EA32500A0C806 /* LaunchScreen.storyboard in Resources */,
				F7823AE92B7EA32500A0C806 /* Assets.xcassets in Resources */,
				F78B80C42B8364FB00E33E19 /* nearbyappDB.db in Resources */,
				F7A083522B81402600EDB7B5 /* GoogleService-Info.plist in Resources */,
				F7823AE72B7EA32100A0C806 /* Main.storyboard in Resources */,
			);
			runOnlyForDeploymentPostprocessing = 0;
		};
/* End PBXResourcesBuildPhase section */

/* Begin PBXSourcesBuildPhase section */
		F7823AD82B7EA32100A0C806 /* Sources */ = {
			isa = PBXSourcesBuildPhase;
			buildActionMask = 2147483647;
			files = (
				F78B80C62B83652D00E33E19 /* DBHandler.swift in Sources */,
				61F6CEB52B8972E500691ACC /* String+Extensions.swift in Sources */,
				61F6CEAE2B89478500691ACC /* CLLocation+Extensions.swift in Sources */,
				61F6CEAB2B8945AE00691ACC /* PlaceAnnotation.swift in Sources */,
				F7A083492B81348F00EDB7B5 /* LoginViewController.swift in Sources */,
				61F6CEB12B894A5300691ACC /* PlacesTableViewController.swift in Sources */,
				F78B80C82B83667500E33E19 /* RegisterViewController.swift in Sources */,
				F7823AE42B7EA32100A0C806 /* ViewController.swift in Sources */,
				F7A0834B2B8135BF00EDB7B5 /* SignupViewController.swift in Sources */,
				F7823AE02B7EA32100A0C806 /* AppDelegate.swift in Sources */,
				61F6CEB32B8965BE00691ACC /* PlaceDetailViewController.swift in Sources */,
				F78B80CA2B836B4F00E33E19 /* entities.swift in Sources */,
				F7823AE22B7EA32100A0C806 /* SceneDelegate.swift in Sources */,
			);
			runOnlyForDeploymentPostprocessing = 0;
		};
/* End PBXSourcesBuildPhase section */

/* Begin PBXVariantGroup section */
		F7823AE52B7EA32100A0C806 /* Main.storyboard */ = {
			isa = PBXVariantGroup;
			children = (
				F7823AE62B7EA32100A0C806 /* Base */,
			);
			name = Main.storyboard;
			sourceTree = "<group>";
		};
		F7823AEA2B7EA32500A0C806 /* LaunchScreen.storyboard */ = {
			isa = PBXVariantGroup;
			children = (
				F7823AEB2B7EA32500A0C806 /* Base */,
			);
			name = LaunchScreen.storyboard;
			sourceTree = "<group>";
		};
/* End PBXVariantGroup section */

/* Begin XCBuildConfiguration section */
		F7823AEE2B7EA32500A0C806 /* Debug */ = {
			isa = XCBuildConfiguration;
			buildSettings = {
				ALWAYS_SEARCH_USER_PATHS = NO;
				CLANG_ANALYZER_NONNULL = YES;
				CLANG_ANALYZER_NUMBER_OBJECT_CONVERSION = YES_AGGRESSIVE;
				CLANG_CXX_LANGUAGE_STANDARD = "gnu++20";
				CLANG_ENABLE_MODULES = YES;
				CLANG_ENABLE_OBJC_ARC = YES;
				CLANG_ENABLE_OBJC_WEAK = YES;
				CLANG_WARN_BLOCK_CAPTURE_AUTORELEASING = YES;
				CLANG_WARN_BOOL_CONVERSION = YES;
				CLANG_WARN_COMMA = YES;
				CLANG_WARN_CONSTANT_CONVERSION = YES;
				CLANG_WARN_DEPRECATED_OBJC_IMPLEMENTATIONS = YES;
				CLANG_WARN_DIRECT_OBJC_ISA_USAGE = YES_ERROR;
				CLANG_WARN_DOCUMENTATION_COMMENTS = YES;
				CLANG_WARN_EMPTY_BODY = YES;
				CLANG_WARN_ENUM_CONVERSION = YES;
				CLANG_WARN_INFINITE_RECURSION = YES;
				CLANG_WARN_INT_CONVERSION = YES;
				CLANG_WARN_NON_LITERAL_NULL_CONVERSION = YES;
				CLANG_WARN_OBJC_IMPLICIT_RETAIN_SELF = YES;
				CLANG_WARN_OBJC_LITERAL_CONVERSION = YES;
				CLANG_WARN_OBJC_ROOT_CLASS = YES_ERROR;
				CLANG_WARN_QUOTED_INCLUDE_IN_FRAMEWORK_HEADER = YES;
				CLANG_WARN_RANGE_LOOP_ANALYSIS = YES;
				CLANG_WARN_STRICT_PROTOTYPES = YES;
				CLANG_WARN_SUSPICIOUS_MOVE = YES;
				CLANG_WARN_UNGUARDED_AVAILABILITY = YES_AGGRESSIVE;
				CLANG_WARN_UNREACHABLE_CODE = YES;
				CLANG_WARN__DUPLICATE_METHOD_MATCH = YES;
				COPY_PHASE_STRIP = NO;
				DEBUG_INFORMATION_FORMAT = dwarf;
				ENABLE_STRICT_OBJC_MSGSEND = YES;
				ENABLE_TESTABILITY = YES;
				GCC_C_LANGUAGE_STANDARD = gnu11;
				GCC_DYNAMIC_NO_PIC = NO;
				GCC_NO_COMMON_BLOCKS = YES;
				GCC_OPTIMIZATION_LEVEL = 0;
				GCC_PREPROCESSOR_DEFINITIONS = (
					"DEBUG=1",
					"$(inherited)",
				);
				GCC_WARN_64_TO_32_BIT_CONVERSION = YES;
				GCC_WARN_ABOUT_RETURN_TYPE = YES_ERROR;
				GCC_WARN_UNDECLARED_SELECTOR = YES;
				GCC_WARN_UNINITIALIZED_AUTOS = YES_AGGRESSIVE;
				GCC_WARN_UNUSED_FUNCTION = YES;
				GCC_WARN_UNUSED_VARIABLE = YES;
				IPHONEOS_DEPLOYMENT_TARGET = 16.4;
				MTL_ENABLE_DEBUG_INFO = INCLUDE_SOURCE;
				MTL_FAST_MATH = YES;
				ONLY_ACTIVE_ARCH = YES;
				SDKROOT = iphoneos;
				SWIFT_ACTIVE_COMPILATION_CONDITIONS = DEBUG;
				SWIFT_OPTIMIZATION_LEVEL = "-Onone";
			};
			name = Debug;
		};
		F7823AEF2B7EA32500A0C806 /* Release */ = {
			isa = XCBuildConfiguration;
			buildSettings = {
				ALWAYS_SEARCH_USER_PATHS = NO;
				CLANG_ANALYZER_NONNULL = YES;
				CLANG_ANALYZER_NUMBER_OBJECT_CONVERSION = YES_AGGRESSIVE;
				CLANG_CXX_LANGUAGE_STANDARD = "gnu++20";
				CLANG_ENABLE_MODULES = YES;
				CLANG_ENABLE_OBJC_ARC = YES;
				CLANG_ENABLE_OBJC_WEAK = YES;
				CLANG_WARN_BLOCK_CAPTURE_AUTORELEASING = YES;
				CLANG_WARN_BOOL_CONVERSION = YES;
				CLANG_WARN_COMMA = YES;
				CLANG_WARN_CONSTANT_CONVERSION = YES;
				CLANG_WARN_DEPRECATED_OBJC_IMPLEMENTATIONS = YES;
				CLANG_WARN_DIRECT_OBJC_ISA_USAGE = YES_ERROR;
				CLANG_WARN_DOCUMENTATION_COMMENTS = YES;
				CLANG_WARN_EMPTY_BODY = YES;
				CLANG_WARN_ENUM_CONVERSION = YES;
				CLANG_WARN_INFINITE_RECURSION = YES;
				CLANG_WARN_INT_CONVERSION = YES;
				CLANG_WARN_NON_LITERAL_NULL_CONVERSION = YES;
				CLANG_WARN_OBJC_IMPLICIT_RETAIN_SELF = YES;
				CLANG_WARN_OBJC_LITERAL_CONVERSION = YES;
				CLANG_WARN_OBJC_ROOT_CLASS = YES_ERROR;
				CLANG_WARN_QUOTED_INCLUDE_IN_FRAMEWORK_HEADER = YES;
				CLANG_WARN_RANGE_LOOP_ANALYSIS = YES;
				CLANG_WARN_STRICT_PROTOTYPES = YES;
				CLANG_WARN_SUSPICIOUS_MOVE = YES;
				CLANG_WARN_UNGUARDED_AVAILABILITY = YES_AGGRESSIVE;
				CLANG_WARN_UNREACHABLE_CODE = YES;
				CLANG_WARN__DUPLICATE_METHOD_MATCH = YES;
				COPY_PHASE_STRIP = NO;
				DEBUG_INFORMATION_FORMAT = "dwarf-with-dsym";
				ENABLE_NS_ASSERTIONS = NO;
				ENABLE_STRICT_OBJC_MSGSEND = YES;
				GCC_C_LANGUAGE_STANDARD = gnu11;
				GCC_NO_COMMON_BLOCKS = YES;
				GCC_WARN_64_TO_32_BIT_CONVERSION = YES;
				GCC_WARN_ABOUT_RETURN_TYPE = YES_ERROR;
				GCC_WARN_UNDECLARED_SELECTOR = YES;
				GCC_WARN_UNINITIALIZED_AUTOS = YES_AGGRESSIVE;
				GCC_WARN_UNUSED_FUNCTION = YES;
				GCC_WARN_UNUSED_VARIABLE = YES;
				IPHONEOS_DEPLOYMENT_TARGET = 16.4;
				MTL_ENABLE_DEBUG_INFO = NO;
				MTL_FAST_MATH = YES;
				SDKROOT = iphoneos;
				SWIFT_COMPILATION_MODE = wholemodule;
				SWIFT_OPTIMIZATION_LEVEL = "-O";
				VALIDATE_PRODUCT = YES;
			};
			name = Release;
		};
		F7823AF12B7EA32500A0C806 /* Debug */ = {
			isa = XCBuildConfiguration;
			buildSettings = {
				ASSETCATALOG_COMPILER_APPICON_NAME = AppIcon;
				ASSETCATALOG_COMPILER_GLOBAL_ACCENT_COLOR_NAME = AccentColor;
				CODE_SIGN_STYLE = Automatic;
				CURRENT_PROJECT_VERSION = 1;
				GENERATE_INFOPLIST_FILE = YES;
				INFOPLIST_FILE = NearbyExplorerApp/Info.plist;
				INFOPLIST_KEY_NSLocationAlwaysAndWhenInUseUsageDescription = "Nearby Explorer wants to know your exact location to show nearby pleaces";
				INFOPLIST_KEY_NSLocationWhenInUseUsageDescription = "Nearby Explorer wants to know your exact location to show nearby pleaces";
				INFOPLIST_KEY_UIApplicationSupportsIndirectInputEvents = YES;
				INFOPLIST_KEY_UILaunchStoryboardName = LaunchScreen;
				INFOPLIST_KEY_UISupportedInterfaceOrientations_iPad = "UIInterfaceOrientationPortrait UIInterfaceOrientationPortraitUpsideDown UIInterfaceOrientationLandscapeLeft UIInterfaceOrientationLandscapeRight";
				INFOPLIST_KEY_UISupportedInterfaceOrientations_iPhone = "UIInterfaceOrientationPortrait UIInterfaceOrientationLandscapeLeft UIInterfaceOrientationLandscapeRight";
				LD_RUNPATH_SEARCH_PATHS = (
					"$(inherited)",
					"@executable_path/Frameworks",
				);
				MARKETING_VERSION = 1.0;
				PRODUCT_BUNDLE_IDENTIFIER = fiek.NearbyExplorerApp;
				PRODUCT_NAME = "$(TARGET_NAME)";
				SWIFT_EMIT_LOC_STRINGS = YES;
				SWIFT_VERSION = 5.0;
				TARGETED_DEVICE_FAMILY = "1,2";
			};
			name = Debug;
		};
		F7823AF22B7EA32500A0C806 /* Release */ = {
			isa = XCBuildConfiguration;
			buildSettings = {
				ASSETCATALOG_COMPILER_APPICON_NAME = AppIcon;
				ASSETCATALOG_COMPILER_GLOBAL_ACCENT_COLOR_NAME = AccentColor;
				CODE_SIGN_STYLE = Automatic;
				CURRENT_PROJECT_VERSION = 1;
				GENERATE_INFOPLIST_FILE = YES;
				INFOPLIST_FILE = NearbyExplorerApp/Info.plist;
				INFOPLIST_KEY_NSLocationAlwaysAndWhenInUseUsageDescription = "Nearby Explorer wants to know your exact location to show nearby pleaces";
				INFOPLIST_KEY_NSLocationWhenInUseUsageDescription = "Nearby Explorer wants to know your exact location to show nearby pleaces";
				INFOPLIST_KEY_UIApplicationSupportsIndirectInputEvents = YES;
				INFOPLIST_KEY_UILaunchStoryboardName = LaunchScreen;
				INFOPLIST_KEY_UISupportedInterfaceOrientations_iPad = "UIInterfaceOrientationPortrait UIInterfaceOrientationPortraitUpsideDown UIInterfaceOrientationLandscapeLeft UIInterfaceOrientationLandscapeRight";
				INFOPLIST_KEY_UISupportedInterfaceOrientations_iPhone = "UIInterfaceOrientationPortrait UIInterfaceOrientationLandscapeLeft UIInterfaceOrientationLandscapeRight";
				LD_RUNPATH_SEARCH_PATHS = (
					"$(inherited)",
					"@executable_path/Frameworks",
				);
				MARKETING_VERSION = 1.0;
				PRODUCT_BUNDLE_IDENTIFIER = fiek.NearbyExplorerApp;
				PRODUCT_NAME = "$(TARGET_NAME)";
				SWIFT_EMIT_LOC_STRINGS = YES;
				SWIFT_VERSION = 5.0;
				TARGETED_DEVICE_FAMILY = "1,2";
			};
			name = Release;
		};
/* End XCBuildConfiguration section */

/* Begin XCConfigurationList section */
		F7823AD72B7EA32100A0C806 /* Build configuration list for PBXProject "NearbyExplorerApp" */ = {
			isa = XCConfigurationList;
			buildConfigurations = (
				F7823AEE2B7EA32500A0C806 /* Debug */,
				F7823AEF2B7EA32500A0C806 /* Release */,
			);
			defaultConfigurationIsVisible = 0;
			defaultConfigurationName = Release;
		};
		F7823AF02B7EA32500A0C806 /* Build configuration list for PBXNativeTarget "NearbyExplorerApp" */ = {
			isa = XCConfigurationList;
			buildConfigurations = (
				F7823AF12B7EA32500A0C806 /* Debug */,
				F7823AF22B7EA32500A0C806 /* Release */,
			);
			defaultConfigurationIsVisible = 0;
			defaultConfigurationName = Release;
		};
/* End XCConfigurationList section */

/* Begin XCRemoteSwiftPackageReference section */
		F7A0834E2B81385500EDB7B5 /* XCRemoteSwiftPackageReference "firebase-ios-sdk" */ = {
			isa = XCRemoteSwiftPackageReference;
			repositoryURL = "https://github.com/firebase/firebase-ios-sdk";
			requirement = {
				kind = upToNextMajorVersion;
				minimumVersion = 10.0.0;
			};
		};
/* End XCRemoteSwiftPackageReference section */

/* Begin XCSwiftPackageProductDependency section */
		F7A0834F2B81385500EDB7B5 /* FirebaseAuth */ = {
			isa = XCSwiftPackageProductDependency;
			package = F7A0834E2B81385500EDB7B5 /* XCRemoteSwiftPackageReference "firebase-ios-sdk" */;
			productName = FirebaseAuth;
		};
/* End XCSwiftPackageProductDependency section */
	};
	rootObject = F7823AD42B7EA32100A0C806 /* Project object */;
}
